#MicroXplorer Configuration settings - do not modify
Mcu.Family=STM32G0
ProjectManager.MainLocation=Core/Src
RCC.USART1Freq_Value=64000000
RCC.PLLQoutputFreq_Value=64000000
ProjectManager.ProjectFileName=UART.ioc
USART2.IPParameters=VirtualMode-Asynchronous
RCC.CortexFreq_Value=64000000
ProjectManager.KeepUserCode=true
Mcu.UserName=STM32G031K8Tx
Mcu.PinsNb=4
ProjectManager.NoMain=false
ProjectManager.functionlistsort=1-SystemClock_Config-RCC-false-HAL-false
PC6.Signal=GPIO_Output
RCC.EXTERNAL_CLOCK_VALUE=12288000
ProjectManager.DefaultFWLocation=true
NVIC.SVC_IRQn=true\:0\:0\:false\:false\:true\:false\:false
ProjectManager.DeletePrevious=true
NVIC.USART2_IRQn=true\:0\:0\:false\:false\:true\:true\:true
PinOutPanel.RotationAngle=0
RCC.FamilyName=M
RCC.MCO1PinFreq_Value=64000000
RCC.SYSCLKSource=RCC_SYSCLKSOURCE_PLLCLK
ProjectManager.StackSize=0x400
RCC.LPTIM1Freq_Value=64000000
PA3.Mode=Asynchronous
RCC.FCLKCortexFreq_Value=64000000
Mcu.IP2=SYS
Mcu.IP3=USART2
Mcu.IP0=NVIC
Mcu.IP1=RCC
Mcu.UserConstants=
ProjectManager.TargetToolchain=STM32CubeIDE
Mcu.ThirdPartyNb=0
RCC.HCLKFreq_Value=64000000
Mcu.IPNb=4
ProjectManager.PreviousToolchain=
PC6.Locked=true
RCC.I2S1Freq_Value=64000000
ProjectManager.RegisterCallBack=
RCC.LSE_VALUE=32768
RCC.AHBFreq_Value=64000000
Mcu.Pin0=PA2
Mcu.Pin1=PA3
Mcu.Pin2=PC6
Mcu.Pin3=VP_SYS_VS_Systick
ProjectManager.ProjectBuild=false
RCC.HSE_VALUE=8000000
board=custom
USART2.VirtualMode-Asynchronous=VM_ASYNC
RCC.VCOOutputFreq_Value=128000000
NVIC.SysTick_IRQn=true\:0\:0\:false\:false\:true\:false\:true
ProjectManager.LastFirmware=true
ProjectManager.FirmwarePackage=STM32Cube FW_G0 V1.4.1
MxDb.Version=DB.6.0.21
ProjectManager.BackupPrevious=false
MxCube.Version=6.2.1
RCC.VCOInputFreq_Value=16000000
RCC.I2C1Freq_Value=64000000
RCC.ADCFreq_Value=64000000
File.Version=6
VP_SYS_VS_Systick.Mode=SysTick
NVIC.NonMaskableInt_IRQn=true\:0\:0\:false\:false\:true\:false\:false
RCC.PLLRCLKFreq_Value=64000000
NVIC.PendSV_IRQn=true\:0\:0\:false\:false\:true\:false\:false
ProjectManager.FreePins=false
RCC.IPParameters=ADCFreq_Value,AHBFreq_Value,APBFreq_Value,APBTimFreq_Value,CortexFreq_Value,EXTERNAL_CLOCK_VALUE,FCLKCortexFreq_Value,FamilyName,HCLKFreq_Value,HSE_VALUE,HSI_VALUE,I2C1Freq_Value,I2S1Freq_Value,LPTIM1Freq_Value,LPTIM2Freq_Value,LPUART1Freq_Value,LSCOPinFreq_Value,LSE_VALUE,LSI_VALUE,MCO1PinFreq_Value,PLLPoutputFreq_Value,PLLQoutputFreq_Value,PLLRCLKFreq_Value,PWRFreq_Value,SYSCLKFreq_VALUE,SYSCLKSource,TIM1Freq_Value,USART1Freq_Value,VCOInputFreq_Value,VCOOutputFreq_Value
ProjectManager.AskForMigrate=true
Mcu.Name=STM32G031K(4-6-8)Tx
RCC.LPTIM2Freq_Value=64000000
ProjectManager.HalAssertFull=false
PA2.Signal=USART2_TX
ProjectManager.ProjectName=UART
ProjectManager.UnderRoot=true
RCC.TIM1Freq_Value=64000000
ProjectManager.CoupleFile=false
RCC.APBTimFreq_Value=64000000
RCC.SYSCLKFreq_VALUE=64000000
Mcu.Package=LQFP32
NVIC.ForceEnableDMAVector=true
KeepUserPlacement=false
RCC.APBFreq_Value=64000000
ProjectManager.CompilerOptimize=6
ProjectManager.ToolChainLocation=
RCC.LSI_VALUE=32000
VP_SYS_VS_Systick.Signal=SYS_VS_Systick
RCC.LSCOPinFreq_Value=32000
ProjectManager.HeapSize=0x200
NVIC.HardFault_IRQn=true\:0\:0\:false\:false\:true\:false\:false
ProjectManager.ComputerToolchain=false
RCC.HSI_VALUE=16000000
RCC.PLLPoutputFreq_Value=64000000
PA2.Mode=Asynchronous
RCC.PWRFreq_Value=64000000
RCC.LPUART1Freq_Value=64000000
ProjectManager.CustomerFirmwarePackage=
ProjectManager.DeviceId=STM32G031K8Tx
ProjectManager.LibraryCopy=1
PA3.Signal=USART2_RX
isbadioc=false
